// !$*UTF8*$!
{
	archiveVersion = 1;
	classes = {
	};
	objectVersion = 56;
	objects = {

/* Begin PBXBuildFile section */
		18FCC4A329F8DB0B00D16E8D /* AppDelegate.m in Sources */ = {isa = PBXBuildFile; fileRef = 18FCC4A229F8DB0B00D16E8D /* AppDelegate.m */; };
		18FCC4A929F8DB0B00D16E8D /* ViewController.m in Sources */ = {isa = PBXBuildFile; fileRef = 18FCC4A829F8DB0B00D16E8D /* ViewController.m */; };
		18FCC4AC29F8DB0B00D16E8D /* Main.storyboard in Resources */ = {isa = PBXBuildFile; fileRef = 18FCC4AA29F8DB0B00D16E8D /* Main.storyboard */; };
		18FCC4AE29F8DB0E00D16E8D /* Assets.xcassets in Resources */ = {isa = PBXBuildFile; fileRef = 18FCC4AD29F8DB0E00D16E8D /* Assets.xcassets */; };
		18FCC4B129F8DB0E00D16E8D /* LaunchScreen.storyboard in Resources */ = {isa = PBXBuildFile; fileRef = 18FCC4AF29F8DB0E00D16E8D /* LaunchScreen.storyboard */; };
		18FCC4B429F8DB0E00D16E8D /* main.m in Sources */ = {isa = PBXBuildFile; fileRef = 18FCC4B329F8DB0E00D16E8D /* main.m */; };
		18FCC4BD29F8DB6B00D16E8D /* UIAlertController+JHCategory.m in Sources */ = {isa = PBXBuildFile; fileRef = 18FCC4BC29F8DB6B00D16E8D /* UIAlertController+JHCategory.m */; };
/* End PBXBuildFile section */

/* Begin PBXFileReference section */
		18FCC49E29F8DB0B00D16E8D /* JHAlertController.app */ = {isa = PBXFileReference; explicitFileType = wrapper.application; includeInIndex = 0; path = JHAlertController.app; sourceTree = BUILT_PRODUCTS_DIR; };
		18FCC4A129F8DB0B00D16E8D /* AppDelegate.h */ = {isa = PBXFileReference; lastKnownFileType = sourcecode.c.h; path = AppDelegate.h; sourceTree = "<group>"; };
		18FCC4A229F8DB0B00D16E8D /* AppDelegate.m */ = {isa = PBXFileReference; lastKnownFileType = sourcecode.c.objc; path = AppDelegate.m; sourceTree = "<group>"; };
		18FCC4A729F8DB0B00D16E8D /* ViewController.h */ = {isa = PBXFileReference; lastKnownFileType = sourcecode.c.h; path = ViewController.h; sourceTree = "<group>"; };
		18FCC4A829F8DB0B00D16E8D /* ViewController.m */ = {isa = PBXFileReference; lastKnownFileType = sourcecode.c.objc; path = ViewController.m; sourceTree = "<group>"; };
		18FCC4AB29F8DB0B00D16E8D /* Base */ = {isa = PBXFileReference; lastKnownFileType = file.storyboard; name = Base; path = Base.lproj/Main.storyboard; sourceTree = "<group>"; };
		18FCC4AD29F8DB0E00D16E8D /* Assets.xcassets */ = {isa = PBXFileReference; lastKnownFileType = folder.assetcatalog; path = Assets.xcassets; sourceTree = "<group>"; };
		18FCC4B029F8DB0E00D16E8D /* Base */ = {isa = PBXFileReference; lastKnownFileType = file.storyboard; name = Base; path = Base.lproj/LaunchScreen.storyboard; sourceTree = "<group>"; };
		18FCC4B229F8DB0E00D16E8D /* Info.plist */ = {isa = PBXFileReference; lastKnownFileType = text.plist.xml; path = Info.plist; sourceTree = "<group>"; };
		18FCC4B329F8DB0E00D16E8D /* main.m */ = {isa = PBXFileReference; lastKnownFileType = sourcecode.c.objc; path = main.m; sourceTree = "<group>"; };
		18FCC4BB29F8DB6B00D16E8D /* UIAlertController+JHCategory.h */ = {isa = PBXFileReference; fileEncoding = 4; lastKnownFileType = sourcecode.c.h; path = "UIAlertController+JHCategory.h"; sourceTree = "<group>"; };
		18FCC4BC29F8DB6B00D16E8D /* UIAlertController+JHCategory.m */ = {isa = PBXFileReference; fileEncoding = 4; lastKnownFileType = sourcecode.c.objc; path = "UIAlertController+JHCategory.m"; sourceTree = "<group>"; };
/* End PBXFileReference section */

/* Begin PBXFrameworksBuildPhase section */
		18FCC49B29F8DB0B00D16E8D /* Frameworks */ = {
			isa = PBXFrameworksBuildPhase;
			buildActionMask = 2147483647;
			files = (
			);
			runOnlyForDeploymentPostprocessing = 0;
		};
/* End PBXFrameworksBuildPhase section */

/* Begin PBXGroup section */
		18FCC49529F8DB0B00D16E8D = {
			isa = PBXGroup;
			children = (
				18FCC4A029F8DB0B00D16E8D /* JHAlertController */,
				18FCC49F29F8DB0B00D16E8D /* Products */,
			);
			sourceTree = "<group>";
		};
		18FCC49F29F8DB0B00D16E8D /* Products */ = {
			isa = PBXGroup;
			children = (
				18FCC49E29F8DB0B00D16E8D /* JHAlertController.app */,
			);
			name = Products;
			sourceTree = "<group>";
		};
		18FCC4A029F8DB0B00D16E8D /* JHAlertController */ = {
			isa = PBXGroup;
			children = (
				18FCC4BA29F8DB6B00D16E8D /* JHAlertController */,
				18FCC4A129F8DB0B00D16E8D /* AppDelegate.h */,
				18FCC4A229F8DB0B00D16E8D /* AppDelegate.m */,
				18FCC4A729F8DB0B00D16E8D /* ViewController.h */,
				18FCC4A829F8DB0B00D16E8D /* ViewController.m */,
				18FCC4AA29F8DB0B00D16E8D /* Main.storyboard */,
				18FCC4AD29F8DB0E00D16E8D /* Assets.xcassets */,
				18FCC4AF29F8DB0E00D16E8D /* LaunchScreen.storyboard */,
				18FCC4B229F8DB0E00D16E8D /* Info.plist */,
				18FCC4B329F8DB0E00D16E8D /* main.m */,
			);
			path = JHAlertController;
			sourceTree = "<group>";
		};
		18FCC4BA29F8DB6B00D16E8D /* JHAlertController */ = {
			isa = PBXGroup;
			children = (
				18FCC4BB29F8DB6B00D16E8D /* UIAlertController+JHCategory.h */,
				18FCC4BC29F8DB6B00D16E8D /* UIAlertController+JHCategory.m */,
			);
			path = JHAlertController;
			sourceTree = "<group>";
		};
/* End PBXGroup section */

/* Begin PBXNativeTarget section */
		18FCC49D29F8DB0B00D16E8D /* JHAlertController */ = {
			isa = PBXNativeTarget;
			buildConfigurationList = 18FCC4B729F8DB0E00D16E8D /* Build configuration list for PBXNativeTarget "JHAlertController" */;
			buildPhases = (
				18FCC49A29F8DB0B00D16E8D /* Sources */,
				18FCC49B29F8DB0B00D16E8D /* Frameworks */,
				18FCC49C29F8DB0B00D16E8D /* Resources */,
			);
			buildRules = (
			);
			dependencies = (
			);
			name = JHAlertController;
			productName = JHAlertController;
			productReference = 18FCC49E29F8DB0B00D16E8D /* JHAlertController.app */;
			productType = "com.apple.product-type.application";
		};
/* End PBXNativeTarget section */

/* Begin PBXProject section */
		18FCC49629F8DB0B00D16E8D /* Project object */ = {
			isa = PBXProject;
			attributes = {
				BuildIndependentTargetsInParallel = 1;
				LastUpgradeCheck = 1410;
				TargetAttributes = {
					18FCC49D29F8DB0B00D16E8D = {
						CreatedOnToolsVersion = 14.1;
					};
				};
			};
			buildConfigurationList = 18FCC49929F8DB0B00D16E8D /* Build configuration list for PBXProject "JHAlertController" */;
			compatibilityVersion = "Xcode 14.0";
			developmentRegion = en;
			hasScannedForEncodings = 0;
			knownRegions = (
				en,
				Base,
			);
			mainGroup = 18FCC49529F8DB0B00D16E8D;
			productRefGroup = 18FCC49F29F8DB0B00D16E8D /* Products */;
			projectDirPath = "";
			projectRoot = "";
			targets = (
				18FCC49D29F8DB0B00D16E8D /* JHAlertController */,
			);
		};
/* End PBXProject section */

/* Begin PBXResourcesBuildPhase section */
		18FCC49C29F8DB0B00D16E8D /* Resources */ = {
			isa = PBXResourcesBuildPhase;
			buildActionMask = 2147483647;
			files = (
				18FCC4B129F8DB0E00D16E8D /* LaunchScreen.storyboard in Resources */,
				18FCC4AE29F8DB0E00D16E8D /* Assets.xcassets in Resources */,
				18FCC4AC29F8DB0B00D16E8D /* Main.storyboard in Resources */,
			);
			runOnlyForDeploymentPostprocessing = 0;
		};
/* End PBXResourcesBuildPhase section */

/* Begin PBXSourcesBuildPhase section */
		18FCC49A29F8DB0B00D16E8D /* Sources */ = {
			isa = PBXSourcesBuildPhase;
			buildActionMask = 2147483647;
			files = (
				18FCC4A929F8DB0B00D16E8D /* ViewController.m in Sources */,
				18FCC4A329F8DB0B00D16E8D /* AppDelegate.m in Sources */,
				18FCC4BD29F8DB6B00D16E8D /* UIAlertController+JHCategory.m in Sources */,
				18FCC4B429F8DB0E00D16E8D /* main.m in Sources */,
			);
			runOnlyForDeploymentPostprocessing = 0;
		};
/* End PBXSourcesBuildPhase section */

/* Begin PBXVariantGroup section */
		18FCC4AA29F8DB0B00D16E8D /* Main.storyboard */ = {
			isa = PBXVariantGroup;
			children = (
				18FCC4AB29F8DB0B00D16E8D /* Base */,
			);
			name = Main.storyboard;
			sourceTree = "<group>";
		};
		18FCC4AF29F8DB0E00D16E8D /* LaunchScreen.storyboard */ = {
			isa = PBXVariantGroup;
			children = (
				18FCC4B029F8DB0E00D16E8D /* Base */,
			);
			name = LaunchScreen.storyboard;
			sourceTree = "<group>";
		};
/* End PBXVariantGroup section */

/* Begin XCBuildConfiguration section */
		18FCC4B529F8DB0E00D16E8D /* Debug */ = {
			isa = XCBuildConfiguration;
			buildSettings = {
				ALWAYS_SEARCH_USER_PATHS = NO;
				CLANG_ANALYZER_NONNULL = YES;
				CLANG_ANALYZER_NUMBER_OBJECT_CONVERSION = YES_AGGRESSIVE;
				CLANG_CXX_LANGUAGE_STANDARD = "gnu++20";
				CLANG_ENABLE_MODULES = YES;
				CLANG_ENABLE_OBJC_ARC = YES;
				CLANG_ENABLE_OBJC_WEAK = YES;
				CLANG_WARN_BLOCK_CAPTURE_AUTORELEASING = YES;
				CLANG_WARN_BOOL_CONVERSION = YES;
				CLANG_WARN_COMMA = YES;
				CLANG_WARN_CONSTANT_CONVERSION = YES;
				CLANG_WARN_DEPRECATED_OBJC_IMPLEMENTATIONS = YES;
				CLANG_WARN_DIRECT_OBJC_ISA_USAGE = YES_ERROR;
				CLANG_WARN_DOCUMENTATION_COMMENTS = YES;
				CLANG_WARN_EMPTY_BODY = YES;
				CLANG_WARN_ENUM_CONVERSION = YES;
				CLANG_WARN_INFINITE_RECURSION = YES;
				CLANG_WARN_INT_CONVERSION = YES;
				CLANG_WARN_NON_LITERAL_NULL_CONVERSION = YES;
				CLANG_WARN_OBJC_IMPLICIT_RETAIN_SELF = YES;
				CLANG_WARN_OBJC_LITERAL_CONVERSION = YES;
				CLANG_WARN_OBJC_ROOT_CLASS = YES_ERROR;
				CLANG_WARN_QUOTED_INCLUDE_IN_FRAMEWORK_HEADER = YES;
				CLANG_WARN_RANGE_LOOP_ANALYSIS = YES;
				CLANG_WARN_STRICT_PROTOTYPES = YES;
				CLANG_WARN_SUSPICIOUS_MOVE = YES;
				CLANG_WARN_UNGUARDED_AVAILABILITY = YES_AGGRESSIVE;
				CLANG_WARN_UNREACHABLE_CODE = YES;
				CLANG_WARN__DUPLICATE_METHOD_MATCH = YES;
				COPY_PHASE_STRIP = NO;
				DEBUG_INFORMATION_FORMAT = dwarf;
				ENABLE_STRICT_OBJC_MSGSEND = YES;
				ENABLE_TESTABILITY = YES;
				GCC_C_LANGUAGE_STANDARD = gnu11;
				GCC_DYNAMIC_NO_PIC = NO;
				GCC_NO_COMMON_BLOCKS = YES;
				GCC_OPTIMIZATION_LEVEL = 0;
				GCC_PREPROCESSOR_DEFINITIONS = (
					"DEBUG=1",
					"$(inherited)",
				);
				GCC_WARN_64_TO_32_BIT_CONVERSION = YES;
				GCC_WARN_ABOUT_RETURN_TYPE = YES_ERROR;
				GCC_WARN_UNDECLARED_SELECTOR = YES;
				GCC_WARN_UNINITIALIZED_AUTOS = YES_AGGRESSIVE;
				GCC_WARN_UNUSED_FUNCTION = YES;
				GCC_WARN_UNUSED_VARIABLE = YES;
				IPHONEOS_DEPLOYMENT_TARGET = 16.1;
				MTL_ENABLE_DEBUG_INFO = INCLUDE_SOURCE;
				MTL_FAST_MATH = YES;
				ONLY_ACTIVE_ARCH = YES;
				SDKROOT = iphoneos;
			};
			name = Debug;
		};
		18FCC4B629F8DB0E00D16E8D /* Release */ = {
			isa = XCBuildConfiguration;
			buildSettings = {
				ALWAYS_SEARCH_USER_PATHS = NO;
				CLANG_ANALYZER_NONNULL = YES;
				CLANG_ANALYZER_NUMBER_OBJECT_CONVERSION = YES_AGGRESSIVE;
				CLANG_CXX_LANGUAGE_STANDARD = "gnu++20";
				CLANG_ENABLE_MODULES = YES;
				CLANG_ENABLE_OBJC_ARC = YES;
				CLANG_ENABLE_OBJC_WEAK = YES;
				CLANG_WARN_BLOCK_CAPTURE_AUTORELEASING = YES;
				CLANG_WARN_BOOL_CONVERSION = YES;
				CLANG_WARN_COMMA = YES;
				CLANG_WARN_CONSTANT_CONVERSION = YES;
				CLANG_WARN_DEPRECATED_OBJC_IMPLEMENTATIONS = YES;
				CLANG_WARN_DIRECT_OBJC_ISA_USAGE = YES_ERROR;
				CLANG_WARN_DOCUMENTATION_COMMENTS = YES;
				CLANG_WARN_EMPTY_BODY = YES;
				CLANG_WARN_ENUM_CONVERSION = YES;
				CLANG_WARN_INFINITE_RECURSION = YES;
				CLANG_WARN_INT_CONVERSION = YES;
				CLANG_WARN_NON_LITERAL_NULL_CONVERSION = YES;
				CLANG_WARN_OBJC_IMPLICIT_RETAIN_SELF = YES;
				CLANG_WARN_OBJC_LITERAL_CONVERSION = YES;
				CLANG_WARN_OBJC_ROOT_CLASS = YES_ERROR;
				CLANG_WARN_QUOTED_INCLUDE_IN_FRAMEWORK_HEADER = YES;
				CLANG_WARN_RANGE_LOOP_ANALYSIS = YES;
				CLANG_WARN_STRICT_PROTOTYPES = YES;
				CLANG_WARN_SUSPICIOUS_MOVE = YES;
				CLANG_WARN_UNGUARDED_AVAILABILITY = YES_AGGRESSIVE;
				CLANG_WARN_UNREACHABLE_CODE = YES;
				CLANG_WARN__DUPLICATE_METHOD_MATCH = YES;
				COPY_PHASE_STRIP = NO;
				DEBUG_INFORMATION_FORMAT = "dwarf-with-dsym";
				ENABLE_NS_ASSERTIONS = NO;
				ENABLE_STRICT_OBJC_MSGSEND = YES;
				GCC_C_LANGUAGE_STANDARD = gnu11;
				GCC_NO_COMMON_BLOCKS = YES;
				GCC_WARN_64_TO_32_BIT_CONVERSION = YES;
				GCC_WARN_ABOUT_RETURN_TYPE = YES_ERROR;
				GCC_WARN_UNDECLARED_SELECTOR = YES;
				GCC_WARN_UNINITIALIZED_AUTOS = YES_AGGRESSIVE;
				GCC_WARN_UNUSED_FUNCTION = YES;
				GCC_WARN_UNUSED_VARIABLE = YES;
				IPHONEOS_DEPLOYMENT_TARGET = 16.1;
				MTL_ENABLE_DEBUG_INFO = NO;
				MTL_FAST_MATH = YES;
				SDKROOT = iphoneos;
				VALIDATE_PRODUCT = YES;
			};
			name = Release;
		};
		18FCC4B829F8DB0E00D16E8D /* Debug */ = {
			isa = XCBuildConfiguration;
			buildSettings = {
				ASSETCATALOG_COMPILER_APPICON_NAME = AppIcon;
				ASSETCATALOG_COMPILER_GLOBAL_ACCENT_COLOR_NAME = AccentColor;
				"CODE_SIGN_IDENTITY[sdk=iphoneos*]" = "iPhone Developer";
				CODE_SIGN_STYLE = Manual;
				CURRENT_PROJECT_VERSION = 1;
				DEVELOPMENT_TEAM = "";
				"DEVELOPMENT_TEAM[sdk=iphoneos*]" = 4YWGN55BE7;
				GENERATE_INFOPLIST_FILE = YES;
				INFOPLIST_FILE = JHAlertController/Info.plist;
				INFOPLIST_KEY_UIApplicationSupportsIndirectInputEvents = YES;
				INFOPLIST_KEY_UILaunchStoryboardName = LaunchScreen;
				INFOPLIST_KEY_UIMainStoryboardFile = Main;
				INFOPLIST_KEY_UISupportedInterfaceOrientations_iPad = "UIInterfaceOrientationPortrait UIInterfaceOrientationPortraitUpsideDown UIInterfaceOrientationLandscapeLeft UIInterfaceOrientationLandscapeRight";
				INFOPLIST_KEY_UISupportedInterfaceOrientations_iPhone = "UIInterfaceOrientationPortrait UIInterfaceOrientationLandscapeLeft UIInterfaceOrientationLandscapeRight";
				IPHONEOS_DEPLOYMENT_TARGET = 12.0;
				LD_RUNPATH_SEARCH_PATHS = (
					"$(inherited)",
					"@executable_path/Frameworks",
				);
				MARKETING_VERSION = 1.0;
				PRODUCT_BUNDLE_IDENTIFIER = com.haocold.JHAlertController;
				PRODUCT_NAME = "$(TARGET_NAME)";
				PROVISIONING_PROFILE_SPECIFIER = "";
				"PROVISIONING_PROFILE_SPECIFIER[sdk=iphoneos*]" = haocold_dev_20220720;
				SWIFT_EMIT_LOC_STRINGS = YES;
				TARGETED_DEVICE_FAMILY = "1,2";
			};
			name = Debug;
		};
		18FCC4B929F8DB0E00D16E8D /* Release */ = {
			isa = XCBuildConfiguration;
			buildSettings = {
				ASSETCATALOG_COMPILER_APPICON_NAME = AppIcon;
				ASSETCATALOG_COMPILER_GLOBAL_ACCENT_COLOR_NAME = AccentColor;
				"CODE_SIGN_IDENTITY[sdk=iphoneos*]" = "iPhone Developer";
				CODE_SIGN_STYLE = Manual;
				CURRENT_PROJECT_VERSION = 1;
				DEVELOPMENT_TEAM = "";
				"DEVELOPMENT_TEAM[sdk=iphoneos*]" = 4YWGN55BE7;
				GENERATE_INFOPLIST_FILE = YES;
				INFOPLIST_FILE = JHAlertController/Info.plist;
				INFOPLIST_KEY_UIApplicationSupportsIndirectInputEvents = YES;
				INFOPLIST_KEY_UILaunchStoryboardName = LaunchScreen;
				INFOPLIST_KEY_UIMainStoryboardFile = Main;
				INFOPLIST_KEY_UISupportedInterfaceOrientations_iPad = "UIInterfaceOrientationPortrait UIInterfaceOrientationPortraitUpsideDown UIInterfaceOrientationLandscapeLeft UIInterfaceOrientationLandscapeRight";
				INFOPLIST_KEY_UISupportedInterfaceOrientations_iPhone = "UIInterfaceOrientationPortrait UIInterfaceOrientationLandscapeLeft UIInterfaceOrientationLandscapeRight";
				IPHONEOS_DEPLOYMENT_TARGET = 12.0;
				LD_RUNPATH_SEARCH_PATHS = (
					"$(inherited)",
					"@executable_path/Frameworks",
				);
				MARKETING_VERSION = 1.0;
				PRODUCT_BUNDLE_IDENTIFIER = com.haocold.JHAlertController;
				PRODUCT_NAME = "$(TARGET_NAME)";
				PROVISIONING_PROFILE_SPECIFIER = "";
				"PROVISIONING_PROFILE_SPECIFIER[sdk=iphoneos*]" = haocold_dev_20220720;
				SWIFT_EMIT_LOC_STRINGS = YES;
				TARGETED_DEVICE_FAMILY = "1,2";
			};
			name = Release;
		};
/* End XCBuildConfiguration section */

/* Begin XCConfigurationList section */
		18FCC49929F8DB0B00D16E8D /* Build configuration list for PBXProject "JHAlertController" */ = {
			isa = XCConfigurationList;
			buildConfigurations = (
				18FCC4B529F8DB0E00D16E8D /* Debug */,
				18FCC4B629F8DB0E00D16E8D /* Release */,
			);
			defaultConfigurationIsVisible = 0;
			defaultConfigurationName = Release;
		};
		18FCC4B729F8DB0E00D16E8D /* Build configuration list for PBXNativeTarget "JHAlertController" */ = {
			isa = XCConfigurationList;
			buildConfigurations = (
				18FCC4B829F8DB0E00D16E8D /* Debug */,
				18FCC4B929F8DB0E00D16E8D /* Release */,
			);
			defaultConfigurationIsVisible = 0;
			defaultConfigurationName = Release;
		};
/* End XCConfigurationList section */
	};
	rootObject = 18FCC49629F8DB0B00D16E8D /* Project object */;
}
